lockfileVersion: '9.0'

settings:
  autoInstallPeers: true
  excludeLinksFromLockfile: false

importers:

  .:
    dependencies:
      crypto-es:
        specifier: ^1.2.7
        version: 1.2.7
    devDependencies:
      typescript:
        specifier: 5.3.3
        version: 5.3.3

packages:

  crypto-es@1.2.7:
    resolution: {integrity: sha512-UUqiVJ2gUuZFmbFsKmud3uuLcNP2+Opt+5ysmljycFCyhA0+T16XJmo1ev/t5kMChMqWh7IEvURNCqsg+SjZGQ==}

  typescript@5.3.3:
    resolution: {integrity: sha512-pXWcraxM0uxAS+tN0AG/BF2TyqmHO014Z070UsJ+pFvYuRSq8KH8DmWpnbXe0pEPDHXZV3FcAbJkijJ5oNEnWw==}
    engines: {node: '>=14.17'}
    hasBin: true

snapshots:

  crypto-es@1.2.7: {}

  typescript@5.3.3: {}
